
Microsoft Visual Studio Solution File, Format Version 12.00
# Visual Studio Version 16
VisualStudioVersion = 16.0.30225.117
MinimumVisualStudioVersion = 10.0.40219.1
Project("{FAE04EC0-301F-11D3-BF4B-00C04F79EFBC}") = "V2ConsoleClient", "V2ConsoleClient.csproj", "{2F6A1B7E-EE29-44E6-BD3C-3458D93F9FAE}"
EndProject
Global
	GlobalSection(SolutionConfigurationPlatforms) = preSolution
		Debug|Any CPU = Debug|Any CPU
		Release|Any CPU = Release|Any CPU
	EndGlobalSection
	GlobalSection(ProjectConfigurationPlatforms) = postSolution
		{2F6A1B7E-EE29-44E6-BD3C-3458D93F9FAE}.Debug|Any CPU.ActiveCfg = Debug|Any CPU
		{2F6A1B7E-EE29-44E6-BD3C-3458D93F9FAE}.Debug|Any CPU.Build.0 = Debug|Any CPU
		{2F6A1B7E-EE29-44E6-BD3C-3458D93F9FAE}.Release|Any CPU.ActiveCfg = Release|Any CPU
		{2F6A1B7E-EE29-44E6-BD3C-3458D93F9FAE}.Release|Any CPU.Build.0 = Release|Any CPU
	EndGlobalSection
	GlobalSection(SolutionProperties) = preSolution
		HideSolutionNode = FALSE
	EndGlobalSection
	GlobalSection(ExtensibilityGlobals) = postSolution
		SolutionGuid = {F02D1108-167C-4B3F-A64D-5257E7A7A624}
	EndGlobalSection
EndGlobal
